
Microsoft Visual Studio Solution File, Format Version 12.00
# Visual Studio 15
VisualStudioVersion = 15.0.26730.12
MinimumVisualStudioVersion = 10.0.40219.1
Project("{8BC9CEB8-8B4A-11D0-8D11-00A0C91BC942}") = "Benchmark", "Benchmark\BenchmarkFast.vcxproj", "{D2DA3068-FABC-4EB9-B1EE-AE220CF178EC}"
EndProject
Global
	GlobalSection(SolutionConfigurationPlatforms) = preSolution
		MR_FAST|x86 = MR_FAST|x86
	EndGlobalSection
	GlobalSection(ProjectConfigurationPlatforms) = postSolution
		{D2DA3068-FABC-4EB9-B1EE-AE220CF178EC}.MR_FAST|x86.ActiveCfg = MR_FAST|Win32
		{D2DA3068-FABC-4EB9-B1EE-AE220CF178EC}.MR_FAST|x86.Build.0 = MR_FAST|Win32
	EndGlobalSection
	GlobalSection(SolutionProperties) = preSolution
		HideSolutionNode = FALSE
	EndGlobalSection
	GlobalSection(ExtensibilityGlobals) = postSolution
		SolutionGuid = {CD5883E5-230F-4474-B0DC-47EFC31034CA}
	EndGlobalSection
EndGlobal
